
Microsoft Visual Studio Solution File, Format Version 12.00
# Visual Studio Version 16
VisualStudioVersion = 16.0.29025.244
MinimumVisualStudioVersion = 10.0.40219.1
Project("{FAE04EC0-301F-11D3-BF4B-00C04F79EFBC}") = "SolidLAB", "SolidLAB\SolidLAB.csproj", "{C2E9C546-443F-4A3C-83ED-29E0A277D554}"
EndProject
Global
	GlobalSection(SolutionConfigurationPlatforms) = preSolution
		Debug|Any CPU = Debug|Any CPU
		Release|Any CPU = Release|Any CPU
	EndGlobalSection
	GlobalSection(ProjectConfigurationPlatforms) = postSolution
		{C2E9C546-443F-4A3C-83ED-29E0A277D554}.Debug|Any CPU.ActiveCfg = Debug|Any CPU
		{C2E9C546-443F-4A3C-83ED-29E0A277D554}.Debug|Any CPU.Build.0 = Debug|Any CPU
		{C2E9C546-443F-4A3C-83ED-29E0A277D554}.Release|Any CPU.ActiveCfg = Release|Any CPU
		{C2E9C546-443F-4A3C-83ED-29E0A277D554}.Release|Any CPU.Build.0 = Release|Any CPU
	EndGlobalSection
	GlobalSection(SolutionProperties) = preSolution
		HideSolutionNode = FALSE
	EndGlobalSection
	GlobalSection(ExtensibilityGlobals) = postSolution
		SolutionGuid = {734BB6A6-A66C-4CF2-8F09-827EA91CC985}
	EndGlobalSection
EndGlobal
