
Microsoft Visual Studio Solution File, Format Version 12.00
# Visual Studio 15
VisualStudioVersion = 15.0.28307.329
MinimumVisualStudioVersion = 10.0.40219.1
Project("{9A19103F-16F7-4668-BE54-9A1E7A4F7556}") = "1. Count Chars in a String", "AssociativeArraysExercise\1. Count Chars in a String.csproj", "{9AECF998-2133-4E11-A8DA-D68954C02C69}"
EndProject
Project("{9A19103F-16F7-4668-BE54-9A1E7A4F7556}") = "2. A Miner Task", "2. A Miner Task\2. A Miner Task.csproj", "{ABA9AF66-A276-441A-A30D-15FC52DD7DE8}"
EndProject
Project("{9A19103F-16F7-4668-BE54-9A1E7A4F7556}") = "3. Legendary Farming", "3. Legendary Farming\3. Legendary Farming.csproj", "{FFD9DF66-EF68-44D2-B8E2-7AB4B8BD498B}"
EndProject
Project("{9A19103F-16F7-4668-BE54-9A1E7A4F7556}") = "4. Orders", "4. Orders\4. Orders.csproj", "{7CB296EA-445C-4677-81B1-1B4E5D2AF5A4}"
EndProject
Project("{FAE04EC0-301F-11D3-BF4B-00C04F79EFBC}") = "5. SoftUni Parking", "5. SoftUni Parking\5. SoftUni Parking.csproj", "{0C66C899-B63D-4743-BD51-BEB44C96FA7F}"
EndProject
Project("{FAE04EC0-301F-11D3-BF4B-00C04F79EFBC}") = "6. Courses", "6. Courses\6. Courses.csproj", "{E1C87CA9-866D-4EC6-A6D2-3BA52FBE1D56}"
EndProject
Project("{FAE04EC0-301F-11D3-BF4B-00C04F79EFBC}") = "7.  Student Academy", "7.  Student Academy\7.  Student Academy.csproj", "{B47D287F-AA0F-4061-8EDC-4D66959ECA2B}"
EndProject
Project("{FAE04EC0-301F-11D3-BF4B-00C04F79EFBC}") = "8. Company Users", "8. Company Users\8. Company Users.csproj", "{7B1F280D-C380-43A8-892A-AEF8358A00D5}"
EndProject
Project("{FAE04EC0-301F-11D3-BF4B-00C04F79EFBC}") = "9. ForceBook", "9. ForceBook\9. ForceBook.csproj", "{C9F5B98D-225B-47AA-80EC-3CB2EAD8C8E0}"
EndProject
Project("{FAE04EC0-301F-11D3-BF4B-00C04F79EFBC}") = "10. SoftUni Exam Results", "10. SoftUni Exam Results\10. SoftUni Exam Results.csproj", "{C9640901-C83F-409E-B55B-C832E9BDFB4B}"
EndProject
Global
	GlobalSection(SolutionConfigurationPlatforms) = preSolution
		Debug|Any CPU = Debug|Any CPU
		Release|Any CPU = Release|Any CPU
	EndGlobalSection
	GlobalSection(ProjectConfigurationPlatforms) = postSolution
		{9AECF998-2133-4E11-A8DA-D68954C02C69}.Debug|Any CPU.ActiveCfg = Debug|Any CPU
		{9AECF998-2133-4E11-A8DA-D68954C02C69}.Debug|Any CPU.Build.0 = Debug|Any CPU
		{9AECF998-2133-4E11-A8DA-D68954C02C69}.Release|Any CPU.ActiveCfg = Release|Any CPU
		{9AECF998-2133-4E11-A8DA-D68954C02C69}.Release|Any CPU.Build.0 = Release|Any CPU
		{ABA9AF66-A276-441A-A30D-15FC52DD7DE8}.Debug|Any CPU.ActiveCfg = Debug|Any CPU
		{ABA9AF66-A276-441A-A30D-15FC52DD7DE8}.Debug|Any CPU.Build.0 = Debug|Any CPU
		{ABA9AF66-A276-441A-A30D-15FC52DD7DE8}.Release|Any CPU.ActiveCfg = Release|Any CPU
		{ABA9AF66-A276-441A-A30D-15FC52DD7DE8}.Release|Any CPU.Build.0 = Release|Any CPU
		{FFD9DF66-EF68-44D2-B8E2-7AB4B8BD498B}.Debug|Any CPU.ActiveCfg = Debug|Any CPU
		{FFD9DF66-EF68-44D2-B8E2-7AB4B8BD498B}.Debug|Any CPU.Build.0 = Debug|Any CPU
		{FFD9DF66-EF68-44D2-B8E2-7AB4B8BD498B}.Release|Any CPU.ActiveCfg = Release|Any CPU
		{FFD9DF66-EF68-44D2-B8E2-7AB4B8BD498B}.Release|Any CPU.Build.0 = Release|Any CPU
		{7CB296EA-445C-4677-81B1-1B4E5D2AF5A4}.Debug|Any CPU.ActiveCfg = Debug|Any CPU
		{7CB296EA-445C-4677-81B1-1B4E5D2AF5A4}.Debug|Any CPU.Build.0 = Debug|Any CPU
		{7CB296EA-445C-4677-81B1-1B4E5D2AF5A4}.Release|Any CPU.ActiveCfg = Release|Any CPU
		{7CB296EA-445C-4677-81B1-1B4E5D2AF5A4}.Release|Any CPU.Build.0 = Release|Any CPU
		{0C66C899-B63D-4743-BD51-BEB44C96FA7F}.Debug|Any CPU.ActiveCfg = Debug|Any CPU
		{0C66C899-B63D-4743-BD51-BEB44C96FA7F}.Debug|Any CPU.Build.0 = Debug|Any CPU
		{0C66C899-B63D-4743-BD51-BEB44C96FA7F}.Release|Any CPU.ActiveCfg = Release|Any CPU
		{0C66C899-B63D-4743-BD51-BEB44C96FA7F}.Release|Any CPU.Build.0 = Release|Any CPU
		{E1C87CA9-866D-4EC6-A6D2-3BA52FBE1D56}.Debug|Any CPU.ActiveCfg = Debug|Any CPU
		{E1C87CA9-866D-4EC6-A6D2-3BA52FBE1D56}.Debug|Any CPU.Build.0 = Debug|Any CPU
		{E1C87CA9-866D-4EC6-A6D2-3BA52FBE1D56}.Release|Any CPU.ActiveCfg = Release|Any CPU
		{E1C87CA9-866D-4EC6-A6D2-3BA52FBE1D56}.Release|Any CPU.Build.0 = Release|Any CPU
		{B47D287F-AA0F-4061-8EDC-4D66959ECA2B}.Debug|Any CPU.ActiveCfg = Debug|Any CPU
		{B47D287F-AA0F-4061-8EDC-4D66959ECA2B}.Debug|Any CPU.Build.0 = Debug|Any CPU
		{B47D287F-AA0F-4061-8EDC-4D66959ECA2B}.Release|Any CPU.ActiveCfg = Release|Any CPU
		{B47D287F-AA0F-4061-8EDC-4D66959ECA2B}.Release|Any CPU.Build.0 = Release|Any CPU
		{7B1F280D-C380-43A8-892A-AEF8358A00D5}.Debug|Any CPU.ActiveCfg = Debug|Any CPU
		{7B1F280D-C380-43A8-892A-AEF8358A00D5}.Debug|Any CPU.Build.0 = Debug|Any CPU
		{7B1F280D-C380-43A8-892A-AEF8358A00D5}.Release|Any CPU.ActiveCfg = Release|Any CPU
		{7B1F280D-C380-43A8-892A-AEF8358A00D5}.Release|Any CPU.Build.0 = Release|Any CPU
		{C9F5B98D-225B-47AA-80EC-3CB2EAD8C8E0}.Debug|Any CPU.ActiveCfg = Debug|Any CPU
		{C9F5B98D-225B-47AA-80EC-3CB2EAD8C8E0}.Debug|Any CPU.Build.0 = Debug|Any CPU
		{C9F5B98D-225B-47AA-80EC-3CB2EAD8C8E0}.Release|Any CPU.ActiveCfg = Release|Any CPU
		{C9F5B98D-225B-47AA-80EC-3CB2EAD8C8E0}.Release|Any CPU.Build.0 = Release|Any CPU
		{C9640901-C83F-409E-B55B-C832E9BDFB4B}.Debug|Any CPU.ActiveCfg = Debug|Any CPU
		{C9640901-C83F-409E-B55B-C832E9BDFB4B}.Debug|Any CPU.Build.0 = Debug|Any CPU
		{C9640901-C83F-409E-B55B-C832E9BDFB4B}.Release|Any CPU.ActiveCfg = Release|Any CPU
		{C9640901-C83F-409E-B55B-C832E9BDFB4B}.Release|Any CPU.Build.0 = Release|Any CPU
	EndGlobalSection
	GlobalSection(SolutionProperties) = preSolution
		HideSolutionNode = FALSE
	EndGlobalSection
	GlobalSection(ExtensibilityGlobals) = postSolution
		SolutionGuid = {361FAF68-E8F0-4844-BAB4-C3C3D77707F4}
	EndGlobalSection
EndGlobal
