
Microsoft Visual Studio Solution File, Format Version 12.00
# Visual Studio 15
VisualStudioVersion = 15.0.28307.329
MinimumVisualStudioVersion = 10.0.40219.1
Project("{9A19103F-16F7-4668-BE54-9A1E7A4F7556}") = "1. Data Types", "methodMoreExersice\1. Data Types.csproj", "{31E36EB5-673F-41F0-B838-7F5BD70C683B}"
EndProject
Project("{9A19103F-16F7-4668-BE54-9A1E7A4F7556}") = "2. Center Point", "2. Center Point\2. Center Point.csproj", "{134C8499-69FF-4016-A9E3-BE347711E90F}"
EndProject
Project("{9A19103F-16F7-4668-BE54-9A1E7A4F7556}") = "3. Longer Line", "3. Longer Line\3. Longer Line.csproj", "{08C23F71-9959-4E5B-B8BE-93463E54FDF0}"
EndProject
Project("{FAE04EC0-301F-11D3-BF4B-00C04F79EFBC}") = "4. Tribonacci Sequence", "4. Tribonacci Sequence\4. Tribonacci Sequence.csproj", "{883143DF-6406-4B11-9E7D-85545F5B0FF6}"
EndProject
Project("{FAE04EC0-301F-11D3-BF4B-00C04F79EFBC}") = "5. Multiplication Sign", "5. Multiplication Sign\5. Multiplication Sign.csproj", "{594BE158-B4D4-443F-988C-E4B1F92CCB2D}"
EndProject
Global
	GlobalSection(SolutionConfigurationPlatforms) = preSolution
		Debug|Any CPU = Debug|Any CPU
		Release|Any CPU = Release|Any CPU
	EndGlobalSection
	GlobalSection(ProjectConfigurationPlatforms) = postSolution
		{31E36EB5-673F-41F0-B838-7F5BD70C683B}.Debug|Any CPU.ActiveCfg = Debug|Any CPU
		{31E36EB5-673F-41F0-B838-7F5BD70C683B}.Debug|Any CPU.Build.0 = Debug|Any CPU
		{31E36EB5-673F-41F0-B838-7F5BD70C683B}.Release|Any CPU.ActiveCfg = Release|Any CPU
		{31E36EB5-673F-41F0-B838-7F5BD70C683B}.Release|Any CPU.Build.0 = Release|Any CPU
		{134C8499-69FF-4016-A9E3-BE347711E90F}.Debug|Any CPU.ActiveCfg = Debug|Any CPU
		{134C8499-69FF-4016-A9E3-BE347711E90F}.Debug|Any CPU.Build.0 = Debug|Any CPU
		{134C8499-69FF-4016-A9E3-BE347711E90F}.Release|Any CPU.ActiveCfg = Release|Any CPU
		{134C8499-69FF-4016-A9E3-BE347711E90F}.Release|Any CPU.Build.0 = Release|Any CPU
		{08C23F71-9959-4E5B-B8BE-93463E54FDF0}.Debug|Any CPU.ActiveCfg = Debug|Any CPU
		{08C23F71-9959-4E5B-B8BE-93463E54FDF0}.Debug|Any CPU.Build.0 = Debug|Any CPU
		{08C23F71-9959-4E5B-B8BE-93463E54FDF0}.Release|Any CPU.ActiveCfg = Release|Any CPU
		{08C23F71-9959-4E5B-B8BE-93463E54FDF0}.Release|Any CPU.Build.0 = Release|Any CPU
		{883143DF-6406-4B11-9E7D-85545F5B0FF6}.Debug|Any CPU.ActiveCfg = Debug|Any CPU
		{883143DF-6406-4B11-9E7D-85545F5B0FF6}.Debug|Any CPU.Build.0 = Debug|Any CPU
		{883143DF-6406-4B11-9E7D-85545F5B0FF6}.Release|Any CPU.ActiveCfg = Release|Any CPU
		{883143DF-6406-4B11-9E7D-85545F5B0FF6}.Release|Any CPU.Build.0 = Release|Any CPU
		{594BE158-B4D4-443F-988C-E4B1F92CCB2D}.Debug|Any CPU.ActiveCfg = Debug|Any CPU
		{594BE158-B4D4-443F-988C-E4B1F92CCB2D}.Debug|Any CPU.Build.0 = Debug|Any CPU
		{594BE158-B4D4-443F-988C-E4B1F92CCB2D}.Release|Any CPU.ActiveCfg = Release|Any CPU
		{594BE158-B4D4-443F-988C-E4B1F92CCB2D}.Release|Any CPU.Build.0 = Release|Any CPU
	EndGlobalSection
	GlobalSection(SolutionProperties) = preSolution
		HideSolutionNode = FALSE
	EndGlobalSection
	GlobalSection(ExtensibilityGlobals) = postSolution
		SolutionGuid = {95C3D7D0-5F55-4DD2-A15B-FD67898C1F3A}
	EndGlobalSection
EndGlobal
