
Microsoft Visual Studio Solution File, Format Version 12.00
# Visual Studio Version 16
VisualStudioVersion = 16.0.29025.244
MinimumVisualStudioVersion = 10.0.40219.1
Project("{9A19103F-16F7-4668-BE54-9A1E7A4F7556}") = "UnitTesting", "UnitTesting\UnitTesting.csproj", "{EC6CE8BD-0E76-4D24-8701-7BE7229963A9}"
EndProject
Project("{FAE04EC0-301F-11D3-BF4B-00C04F79EFBC}") = "UnitTest.Tests", "UniteTestTests\UnitTest.Tests.csproj", "{586B2C77-CEE9-4F93-A705-92D4DC621257}"
EndProject
Global
	GlobalSection(SolutionConfigurationPlatforms) = preSolution
		Debug|Any CPU = Debug|Any CPU
		Release|Any CPU = Release|Any CPU
	EndGlobalSection
	GlobalSection(ProjectConfigurationPlatforms) = postSolution
		{EC6CE8BD-0E76-4D24-8701-7BE7229963A9}.Debug|Any CPU.ActiveCfg = Debug|Any CPU
		{EC6CE8BD-0E76-4D24-8701-7BE7229963A9}.Debug|Any CPU.Build.0 = Debug|Any CPU
		{EC6CE8BD-0E76-4D24-8701-7BE7229963A9}.Release|Any CPU.ActiveCfg = Release|Any CPU
		{EC6CE8BD-0E76-4D24-8701-7BE7229963A9}.Release|Any CPU.Build.0 = Release|Any CPU
		{586B2C77-CEE9-4F93-A705-92D4DC621257}.Debug|Any CPU.ActiveCfg = Debug|Any CPU
		{586B2C77-CEE9-4F93-A705-92D4DC621257}.Debug|Any CPU.Build.0 = Debug|Any CPU
		{586B2C77-CEE9-4F93-A705-92D4DC621257}.Release|Any CPU.ActiveCfg = Release|Any CPU
		{586B2C77-CEE9-4F93-A705-92D4DC621257}.Release|Any CPU.Build.0 = Release|Any CPU
	EndGlobalSection
	GlobalSection(SolutionProperties) = preSolution
		HideSolutionNode = FALSE
	EndGlobalSection
	GlobalSection(ExtensibilityGlobals) = postSolution
		SolutionGuid = {6D8727B3-8291-44BA-94D2-010EBA1E5C98}
	EndGlobalSection
EndGlobal
