
Microsoft Visual Studio Solution File, Format Version 12.00
# Visual Studio 15
VisualStudioVersion = 15.0.28307.329
MinimumVisualStudioVersion = 10.0.40219.1
Project("{FAE04EC0-301F-11D3-BF4B-00C04F79EFBC}") = "Farm", "InheritanceLAB\Farm.csproj", "{2ABE0132-193C-41AD-AD1B-B79F4E21A759}"
EndProject
Project("{FAE04EC0-301F-11D3-BF4B-00C04F79EFBC}") = "RandomList", "RnadomList\RandomList.csproj", "{22A1F96D-CE1E-48E6-8C2D-7AE2EF531667}"
EndProject
Project("{FAE04EC0-301F-11D3-BF4B-00C04F79EFBC}") = "StackOfStrings", "StackOfStrings\StackOfStrings.csproj", "{5469FA9E-D181-480F-A926-90FC5C34FF96}"
EndProject
Global
	GlobalSection(SolutionConfigurationPlatforms) = preSolution
		Debug|Any CPU = Debug|Any CPU
		Release|Any CPU = Release|Any CPU
	EndGlobalSection
	GlobalSection(ProjectConfigurationPlatforms) = postSolution
		{2ABE0132-193C-41AD-AD1B-B79F4E21A759}.Debug|Any CPU.ActiveCfg = Debug|Any CPU
		{2ABE0132-193C-41AD-AD1B-B79F4E21A759}.Debug|Any CPU.Build.0 = Debug|Any CPU
		{2ABE0132-193C-41AD-AD1B-B79F4E21A759}.Release|Any CPU.ActiveCfg = Release|Any CPU
		{2ABE0132-193C-41AD-AD1B-B79F4E21A759}.Release|Any CPU.Build.0 = Release|Any CPU
		{22A1F96D-CE1E-48E6-8C2D-7AE2EF531667}.Debug|Any CPU.ActiveCfg = Debug|Any CPU
		{22A1F96D-CE1E-48E6-8C2D-7AE2EF531667}.Debug|Any CPU.Build.0 = Debug|Any CPU
		{22A1F96D-CE1E-48E6-8C2D-7AE2EF531667}.Release|Any CPU.ActiveCfg = Release|Any CPU
		{22A1F96D-CE1E-48E6-8C2D-7AE2EF531667}.Release|Any CPU.Build.0 = Release|Any CPU
		{5469FA9E-D181-480F-A926-90FC5C34FF96}.Debug|Any CPU.ActiveCfg = Debug|Any CPU
		{5469FA9E-D181-480F-A926-90FC5C34FF96}.Debug|Any CPU.Build.0 = Debug|Any CPU
		{5469FA9E-D181-480F-A926-90FC5C34FF96}.Release|Any CPU.ActiveCfg = Release|Any CPU
		{5469FA9E-D181-480F-A926-90FC5C34FF96}.Release|Any CPU.Build.0 = Release|Any CPU
	EndGlobalSection
	GlobalSection(SolutionProperties) = preSolution
		HideSolutionNode = FALSE
	EndGlobalSection
	GlobalSection(ExtensibilityGlobals) = postSolution
		SolutionGuid = {1E899710-0E9C-45DB-BE0C-DED19EE972D8}
	EndGlobalSection
EndGlobal
