
Microsoft Visual Studio Solution File, Format Version 12.00
# Visual Studio 15
VisualStudioVersion = 15.0.28307.329
MinimumVisualStudioVersion = 10.0.40219.1
Project("{FAE04EC0-301F-11D3-BF4B-00C04F79EFBC}") = "MidExam1003", "MidExam1003\MidExam1003.csproj", "{D7BD3C9B-575D-463A-8EE5-F97F7FB237E5}"
EndProject
Project("{FAE04EC0-301F-11D3-BF4B-00C04F79EFBC}") = "1", "1\1.csproj", "{61BA0B15-5032-44E2-A35D-A71B040BE8AE}"
EndProject
Project("{FAE04EC0-301F-11D3-BF4B-00C04F79EFBC}") = "Hello, France", "Hello, France\Hello, France.csproj", "{6BB0D54A-5C71-4ADC-B83B-CC533C78CF44}"
EndProject
Project("{FAE04EC0-301F-11D3-BF4B-00C04F79EFBC}") = "Last Stop", "Last Stop\Last Stop.csproj", "{24679B49-C336-4598-B204-1ADC1CEF7F12}"
EndProject
Project("{FAE04EC0-301F-11D3-BF4B-00C04F79EFBC}") = "Spring Vacation Trip", "Spring Vacation Trip\Spring Vacation Trip.csproj", "{7E54AFCB-5F03-48E9-9BD8-D534A3811460}"
EndProject
Global
	GlobalSection(SolutionConfigurationPlatforms) = preSolution
		Debug|Any CPU = Debug|Any CPU
		Release|Any CPU = Release|Any CPU
	EndGlobalSection
	GlobalSection(ProjectConfigurationPlatforms) = postSolution
		{D7BD3C9B-575D-463A-8EE5-F97F7FB237E5}.Debug|Any CPU.ActiveCfg = Debug|Any CPU
		{D7BD3C9B-575D-463A-8EE5-F97F7FB237E5}.Debug|Any CPU.Build.0 = Debug|Any CPU
		{D7BD3C9B-575D-463A-8EE5-F97F7FB237E5}.Release|Any CPU.ActiveCfg = Release|Any CPU
		{D7BD3C9B-575D-463A-8EE5-F97F7FB237E5}.Release|Any CPU.Build.0 = Release|Any CPU
		{61BA0B15-5032-44E2-A35D-A71B040BE8AE}.Debug|Any CPU.ActiveCfg = Debug|Any CPU
		{61BA0B15-5032-44E2-A35D-A71B040BE8AE}.Debug|Any CPU.Build.0 = Debug|Any CPU
		{61BA0B15-5032-44E2-A35D-A71B040BE8AE}.Release|Any CPU.ActiveCfg = Release|Any CPU
		{61BA0B15-5032-44E2-A35D-A71B040BE8AE}.Release|Any CPU.Build.0 = Release|Any CPU
		{6BB0D54A-5C71-4ADC-B83B-CC533C78CF44}.Debug|Any CPU.ActiveCfg = Debug|Any CPU
		{6BB0D54A-5C71-4ADC-B83B-CC533C78CF44}.Debug|Any CPU.Build.0 = Debug|Any CPU
		{6BB0D54A-5C71-4ADC-B83B-CC533C78CF44}.Release|Any CPU.ActiveCfg = Release|Any CPU
		{6BB0D54A-5C71-4ADC-B83B-CC533C78CF44}.Release|Any CPU.Build.0 = Release|Any CPU
		{24679B49-C336-4598-B204-1ADC1CEF7F12}.Debug|Any CPU.ActiveCfg = Debug|Any CPU
		{24679B49-C336-4598-B204-1ADC1CEF7F12}.Debug|Any CPU.Build.0 = Debug|Any CPU
		{24679B49-C336-4598-B204-1ADC1CEF7F12}.Release|Any CPU.ActiveCfg = Release|Any CPU
		{24679B49-C336-4598-B204-1ADC1CEF7F12}.Release|Any CPU.Build.0 = Release|Any CPU
		{7E54AFCB-5F03-48E9-9BD8-D534A3811460}.Debug|Any CPU.ActiveCfg = Debug|Any CPU
		{7E54AFCB-5F03-48E9-9BD8-D534A3811460}.Debug|Any CPU.Build.0 = Debug|Any CPU
		{7E54AFCB-5F03-48E9-9BD8-D534A3811460}.Release|Any CPU.ActiveCfg = Release|Any CPU
		{7E54AFCB-5F03-48E9-9BD8-D534A3811460}.Release|Any CPU.Build.0 = Release|Any CPU
	EndGlobalSection
	GlobalSection(SolutionProperties) = preSolution
		HideSolutionNode = FALSE
	EndGlobalSection
	GlobalSection(ExtensibilityGlobals) = postSolution
		SolutionGuid = {493E82EC-5E33-4D6B-AA42-B9789EBA5854}
	EndGlobalSection
EndGlobal
