
Microsoft Visual Studio Solution File, Format Version 12.00
# Visual Studio Version 16
VisualStudioVersion = 16.0.29025.244
MinimumVisualStudioVersion = 10.0.40219.1
Project("{9A19103F-16F7-4668-BE54-9A1E7A4F7556}") = "PersonInfo", "InterfacesExcersice\PersonInfo.csproj", "{6489BBB3-0EC1-4031-BB17-E15755F133C4}"
EndProject
Project("{9A19103F-16F7-4668-BE54-9A1E7A4F7556}") = "Ferrari", "Ferrari\Ferrari.csproj", "{9E53DBE4-3913-4ACB-AB6C-29D0B3DFD8B3}"
EndProject
Project("{9A19103F-16F7-4668-BE54-9A1E7A4F7556}") = "Telephony", "Telephony\Telephony.csproj", "{9A394CC5-F770-41ED-9333-3AEB50108630}"
EndProject
Project("{9A19103F-16F7-4668-BE54-9A1E7A4F7556}") = "BorderControl", "Border Control\BorderControl.csproj", "{9EE584DD-C53A-4012-AE09-4F793D9904EB}"
EndProject
Project("{FAE04EC0-301F-11D3-BF4B-00C04F79EFBC}") = "MilitaryElite", "MilitaryElite\MilitaryElite.csproj", "{3DA2DD13-5D5C-45BE-AE09-80B26312A392}"
EndProject
Project("{FAE04EC0-301F-11D3-BF4B-00C04F79EFBC}") = "ExplicitInterfaces", "ExplicitInterfaces\ExplicitInterfaces.csproj", "{777322A3-008E-4DC5-9AD8-92865DE99382}"
EndProject
Project("{FAE04EC0-301F-11D3-BF4B-00C04F79EFBC}") = "CollectionHierarchy", "CollectionHierarchy\CollectionHierarchy.csproj", "{ECCC57B5-819F-4AC0-B0A1-5882F164093E}"
EndProject
Global
	GlobalSection(SolutionConfigurationPlatforms) = preSolution
		Debug|Any CPU = Debug|Any CPU
		Release|Any CPU = Release|Any CPU
	EndGlobalSection
	GlobalSection(ProjectConfigurationPlatforms) = postSolution
		{6489BBB3-0EC1-4031-BB17-E15755F133C4}.Debug|Any CPU.ActiveCfg = Debug|Any CPU
		{6489BBB3-0EC1-4031-BB17-E15755F133C4}.Debug|Any CPU.Build.0 = Debug|Any CPU
		{6489BBB3-0EC1-4031-BB17-E15755F133C4}.Release|Any CPU.ActiveCfg = Release|Any CPU
		{6489BBB3-0EC1-4031-BB17-E15755F133C4}.Release|Any CPU.Build.0 = Release|Any CPU
		{9E53DBE4-3913-4ACB-AB6C-29D0B3DFD8B3}.Debug|Any CPU.ActiveCfg = Debug|Any CPU
		{9E53DBE4-3913-4ACB-AB6C-29D0B3DFD8B3}.Debug|Any CPU.Build.0 = Debug|Any CPU
		{9E53DBE4-3913-4ACB-AB6C-29D0B3DFD8B3}.Release|Any CPU.ActiveCfg = Release|Any CPU
		{9E53DBE4-3913-4ACB-AB6C-29D0B3DFD8B3}.Release|Any CPU.Build.0 = Release|Any CPU
		{9A394CC5-F770-41ED-9333-3AEB50108630}.Debug|Any CPU.ActiveCfg = Debug|Any CPU
		{9A394CC5-F770-41ED-9333-3AEB50108630}.Debug|Any CPU.Build.0 = Debug|Any CPU
		{9A394CC5-F770-41ED-9333-3AEB50108630}.Release|Any CPU.ActiveCfg = Release|Any CPU
		{9A394CC5-F770-41ED-9333-3AEB50108630}.Release|Any CPU.Build.0 = Release|Any CPU
		{9EE584DD-C53A-4012-AE09-4F793D9904EB}.Debug|Any CPU.ActiveCfg = Debug|Any CPU
		{9EE584DD-C53A-4012-AE09-4F793D9904EB}.Debug|Any CPU.Build.0 = Debug|Any CPU
		{9EE584DD-C53A-4012-AE09-4F793D9904EB}.Release|Any CPU.ActiveCfg = Release|Any CPU
		{9EE584DD-C53A-4012-AE09-4F793D9904EB}.Release|Any CPU.Build.0 = Release|Any CPU
		{3DA2DD13-5D5C-45BE-AE09-80B26312A392}.Debug|Any CPU.ActiveCfg = Debug|Any CPU
		{3DA2DD13-5D5C-45BE-AE09-80B26312A392}.Debug|Any CPU.Build.0 = Debug|Any CPU
		{3DA2DD13-5D5C-45BE-AE09-80B26312A392}.Release|Any CPU.ActiveCfg = Release|Any CPU
		{3DA2DD13-5D5C-45BE-AE09-80B26312A392}.Release|Any CPU.Build.0 = Release|Any CPU
		{777322A3-008E-4DC5-9AD8-92865DE99382}.Debug|Any CPU.ActiveCfg = Debug|Any CPU
		{777322A3-008E-4DC5-9AD8-92865DE99382}.Debug|Any CPU.Build.0 = Debug|Any CPU
		{777322A3-008E-4DC5-9AD8-92865DE99382}.Release|Any CPU.ActiveCfg = Release|Any CPU
		{777322A3-008E-4DC5-9AD8-92865DE99382}.Release|Any CPU.Build.0 = Release|Any CPU
		{ECCC57B5-819F-4AC0-B0A1-5882F164093E}.Debug|Any CPU.ActiveCfg = Debug|Any CPU
		{ECCC57B5-819F-4AC0-B0A1-5882F164093E}.Debug|Any CPU.Build.0 = Debug|Any CPU
		{ECCC57B5-819F-4AC0-B0A1-5882F164093E}.Release|Any CPU.ActiveCfg = Release|Any CPU
		{ECCC57B5-819F-4AC0-B0A1-5882F164093E}.Release|Any CPU.Build.0 = Release|Any CPU
	EndGlobalSection
	GlobalSection(SolutionProperties) = preSolution
		HideSolutionNode = FALSE
	EndGlobalSection
	GlobalSection(ExtensibilityGlobals) = postSolution
		SolutionGuid = {52677FF3-2DB2-468B-9CE5-F627608E5842}
	EndGlobalSection
EndGlobal
