
Microsoft Visual Studio Solution File, Format Version 12.00
# Visual Studio 15
VisualStudioVersion = 15.0.28307.329
MinimumVisualStudioVersion = 10.0.40219.1
Project("{9A19103F-16F7-4668-BE54-9A1E7A4F7556}") = "ListyIterator", "Iterators And ComparatorsExcersice\ListyIterator.csproj", "{2C7816E4-0720-4A4C-BF23-4D8134885757}"
EndProject
Project("{FAE04EC0-301F-11D3-BF4B-00C04F79EFBC}") = "Stack", "Problem 3. Stack\Stack.csproj", "{5211143F-E037-4115-9430-19ACCF1C38D9}"
EndProject
Project("{FAE04EC0-301F-11D3-BF4B-00C04F79EFBC}") = "Foggy", "Foggy\Foggy.csproj", "{23702D7C-CA23-4DD5-8208-922BA89D6250}"
EndProject
Global
	GlobalSection(SolutionConfigurationPlatforms) = preSolution
		Debug|Any CPU = Debug|Any CPU
		Release|Any CPU = Release|Any CPU
	EndGlobalSection
	GlobalSection(ProjectConfigurationPlatforms) = postSolution
		{2C7816E4-0720-4A4C-BF23-4D8134885757}.Debug|Any CPU.ActiveCfg = Debug|Any CPU
		{2C7816E4-0720-4A4C-BF23-4D8134885757}.Debug|Any CPU.Build.0 = Debug|Any CPU
		{2C7816E4-0720-4A4C-BF23-4D8134885757}.Release|Any CPU.ActiveCfg = Release|Any CPU
		{2C7816E4-0720-4A4C-BF23-4D8134885757}.Release|Any CPU.Build.0 = Release|Any CPU
		{5211143F-E037-4115-9430-19ACCF1C38D9}.Debug|Any CPU.ActiveCfg = Debug|Any CPU
		{5211143F-E037-4115-9430-19ACCF1C38D9}.Debug|Any CPU.Build.0 = Debug|Any CPU
		{5211143F-E037-4115-9430-19ACCF1C38D9}.Release|Any CPU.ActiveCfg = Release|Any CPU
		{5211143F-E037-4115-9430-19ACCF1C38D9}.Release|Any CPU.Build.0 = Release|Any CPU
		{23702D7C-CA23-4DD5-8208-922BA89D6250}.Debug|Any CPU.ActiveCfg = Debug|Any CPU
		{23702D7C-CA23-4DD5-8208-922BA89D6250}.Debug|Any CPU.Build.0 = Debug|Any CPU
		{23702D7C-CA23-4DD5-8208-922BA89D6250}.Release|Any CPU.ActiveCfg = Release|Any CPU
		{23702D7C-CA23-4DD5-8208-922BA89D6250}.Release|Any CPU.Build.0 = Release|Any CPU
	EndGlobalSection
	GlobalSection(SolutionProperties) = preSolution
		HideSolutionNode = FALSE
	EndGlobalSection
	GlobalSection(ExtensibilityGlobals) = postSolution
		SolutionGuid = {8E4E7CA3-E437-493E-B38D-3B7FFD530178}
	EndGlobalSection
EndGlobal
