
Microsoft Visual Studio Solution File, Format Version 12.00
# Visual Studio 15
VisualStudioVersion = 15.0.28307.329
MinimumVisualStudioVersion = 10.0.40219.1
Project("{9A19103F-16F7-4668-BE54-9A1E7A4F7556}") = "1. Basic StackOperations", "Stacks and QueuesExercises\1. Basic StackOperations.csproj", "{945EE58A-6C88-4CF0-93C8-0EE54E953F0D}"
EndProject
Project("{9A19103F-16F7-4668-BE54-9A1E7A4F7556}") = "2. Basic Queue Operations", "2. Basic Queue Operations\2. Basic Queue Operations.csproj", "{DC210130-A9EC-4EC8-979B-A8AAFA4BE0C0}"
EndProject
Project("{9A19103F-16F7-4668-BE54-9A1E7A4F7556}") = "03. Maximum and Minimum Element", "03. Maximum and Minimum Element\03. Maximum and Minimum Element.csproj", "{703E48BA-81E2-40C2-8C89-963292A256B8}"
EndProject
Project("{9A19103F-16F7-4668-BE54-9A1E7A4F7556}") = "04. Fast Food", "04. Fast Food\04. Fast Food.csproj", "{E58F4B75-E5C0-42FF-B8AD-94CAF3118B7C}"
EndProject
Project("{9A19103F-16F7-4668-BE54-9A1E7A4F7556}") = "5.  Fashion Boutique", "5.  Fashion Boutique\5.  Fashion Boutique.csproj", "{72243777-492E-4189-95DF-A7C5F4BA8AB7}"
EndProject
Project("{9A19103F-16F7-4668-BE54-9A1E7A4F7556}") = "6.  Auto Repair and Service", "6.  Auto Repair and Service\6.  Auto Repair and Service.csproj", "{D39D1172-8443-4595-870E-3B3E85E7E7C6}"
EndProject
Project("{9A19103F-16F7-4668-BE54-9A1E7A4F7556}") = "7.  Truck Tour", "7.  Truck Tour\7.  Truck Tour.csproj", "{70237289-41A2-4486-BD19-93538AD9ABA9}"
EndProject
Project("{9A19103F-16F7-4668-BE54-9A1E7A4F7556}") = "8.  Balanced Parentheses", "8.  Balanced Parentheses\8.  Balanced Parentheses.csproj", "{DF2A4A9D-32D0-411B-92FD-8FAA14080526}"
EndProject
Project("{9A19103F-16F7-4668-BE54-9A1E7A4F7556}") = "9.  Simple Text Editor", "9.  Simple Text Editor\9.  Simple Text Editor.csproj", "{90D03736-7FF3-4AAF-A023-6437FAE9B03F}"
EndProject
Project("{FAE04EC0-301F-11D3-BF4B-00C04F79EFBC}") = "Simple Text from Forum", "Simple Text from Forum\Simple Text from Forum.csproj", "{CAFF22E2-59EF-45ED-87F9-AF6DC21D99BE}"
EndProject
Global
	GlobalSection(SolutionConfigurationPlatforms) = preSolution
		Debug|Any CPU = Debug|Any CPU
		Release|Any CPU = Release|Any CPU
	EndGlobalSection
	GlobalSection(ProjectConfigurationPlatforms) = postSolution
		{945EE58A-6C88-4CF0-93C8-0EE54E953F0D}.Debug|Any CPU.ActiveCfg = Debug|Any CPU
		{945EE58A-6C88-4CF0-93C8-0EE54E953F0D}.Debug|Any CPU.Build.0 = Debug|Any CPU
		{945EE58A-6C88-4CF0-93C8-0EE54E953F0D}.Release|Any CPU.ActiveCfg = Release|Any CPU
		{945EE58A-6C88-4CF0-93C8-0EE54E953F0D}.Release|Any CPU.Build.0 = Release|Any CPU
		{DC210130-A9EC-4EC8-979B-A8AAFA4BE0C0}.Debug|Any CPU.ActiveCfg = Debug|Any CPU
		{DC210130-A9EC-4EC8-979B-A8AAFA4BE0C0}.Debug|Any CPU.Build.0 = Debug|Any CPU
		{DC210130-A9EC-4EC8-979B-A8AAFA4BE0C0}.Release|Any CPU.ActiveCfg = Release|Any CPU
		{DC210130-A9EC-4EC8-979B-A8AAFA4BE0C0}.Release|Any CPU.Build.0 = Release|Any CPU
		{703E48BA-81E2-40C2-8C89-963292A256B8}.Debug|Any CPU.ActiveCfg = Debug|Any CPU
		{703E48BA-81E2-40C2-8C89-963292A256B8}.Debug|Any CPU.Build.0 = Debug|Any CPU
		{703E48BA-81E2-40C2-8C89-963292A256B8}.Release|Any CPU.ActiveCfg = Release|Any CPU
		{703E48BA-81E2-40C2-8C89-963292A256B8}.Release|Any CPU.Build.0 = Release|Any CPU
		{E58F4B75-E5C0-42FF-B8AD-94CAF3118B7C}.Debug|Any CPU.ActiveCfg = Debug|Any CPU
		{E58F4B75-E5C0-42FF-B8AD-94CAF3118B7C}.Debug|Any CPU.Build.0 = Debug|Any CPU
		{E58F4B75-E5C0-42FF-B8AD-94CAF3118B7C}.Release|Any CPU.ActiveCfg = Release|Any CPU
		{E58F4B75-E5C0-42FF-B8AD-94CAF3118B7C}.Release|Any CPU.Build.0 = Release|Any CPU
		{72243777-492E-4189-95DF-A7C5F4BA8AB7}.Debug|Any CPU.ActiveCfg = Debug|Any CPU
		{72243777-492E-4189-95DF-A7C5F4BA8AB7}.Debug|Any CPU.Build.0 = Debug|Any CPU
		{72243777-492E-4189-95DF-A7C5F4BA8AB7}.Release|Any CPU.ActiveCfg = Release|Any CPU
		{72243777-492E-4189-95DF-A7C5F4BA8AB7}.Release|Any CPU.Build.0 = Release|Any CPU
		{D39D1172-8443-4595-870E-3B3E85E7E7C6}.Debug|Any CPU.ActiveCfg = Debug|Any CPU
		{D39D1172-8443-4595-870E-3B3E85E7E7C6}.Debug|Any CPU.Build.0 = Debug|Any CPU
		{D39D1172-8443-4595-870E-3B3E85E7E7C6}.Release|Any CPU.ActiveCfg = Release|Any CPU
		{D39D1172-8443-4595-870E-3B3E85E7E7C6}.Release|Any CPU.Build.0 = Release|Any CPU
		{70237289-41A2-4486-BD19-93538AD9ABA9}.Debug|Any CPU.ActiveCfg = Debug|Any CPU
		{70237289-41A2-4486-BD19-93538AD9ABA9}.Debug|Any CPU.Build.0 = Debug|Any CPU
		{70237289-41A2-4486-BD19-93538AD9ABA9}.Release|Any CPU.ActiveCfg = Release|Any CPU
		{70237289-41A2-4486-BD19-93538AD9ABA9}.Release|Any CPU.Build.0 = Release|Any CPU
		{DF2A4A9D-32D0-411B-92FD-8FAA14080526}.Debug|Any CPU.ActiveCfg = Debug|Any CPU
		{DF2A4A9D-32D0-411B-92FD-8FAA14080526}.Debug|Any CPU.Build.0 = Debug|Any CPU
		{DF2A4A9D-32D0-411B-92FD-8FAA14080526}.Release|Any CPU.ActiveCfg = Release|Any CPU
		{DF2A4A9D-32D0-411B-92FD-8FAA14080526}.Release|Any CPU.Build.0 = Release|Any CPU
		{90D03736-7FF3-4AAF-A023-6437FAE9B03F}.Debug|Any CPU.ActiveCfg = Debug|Any CPU
		{90D03736-7FF3-4AAF-A023-6437FAE9B03F}.Debug|Any CPU.Build.0 = Debug|Any CPU
		{90D03736-7FF3-4AAF-A023-6437FAE9B03F}.Release|Any CPU.ActiveCfg = Release|Any CPU
		{90D03736-7FF3-4AAF-A023-6437FAE9B03F}.Release|Any CPU.Build.0 = Release|Any CPU
		{CAFF22E2-59EF-45ED-87F9-AF6DC21D99BE}.Debug|Any CPU.ActiveCfg = Debug|Any CPU
		{CAFF22E2-59EF-45ED-87F9-AF6DC21D99BE}.Debug|Any CPU.Build.0 = Debug|Any CPU
		{CAFF22E2-59EF-45ED-87F9-AF6DC21D99BE}.Release|Any CPU.ActiveCfg = Release|Any CPU
		{CAFF22E2-59EF-45ED-87F9-AF6DC21D99BE}.Release|Any CPU.Build.0 = Release|Any CPU
	EndGlobalSection
	GlobalSection(SolutionProperties) = preSolution
		HideSolutionNode = FALSE
	EndGlobalSection
	GlobalSection(ExtensibilityGlobals) = postSolution
		SolutionGuid = {5983BFA9-F273-4D6F-B2B2-4CDA844A680C}
	EndGlobalSection
EndGlobal
