
Microsoft Visual Studio Solution File, Format Version 12.00
# Visual Studio 15
VisualStudioVersion = 15.0.28307.329
MinimumVisualStudioVersion = 10.0.40219.1
Project("{FAE04EC0-301F-11D3-BF4B-00C04F79EFBC}") = "Rhombus of Stars", "WorkingWithAbstraction\Rhombus of Stars.csproj", "{ED3E0AF7-2CC7-40EF-9CFA-690DB4B4739F}"
EndProject
Project("{FAE04EC0-301F-11D3-BF4B-00C04F79EFBC}") = "Point in Rectangle", "Point in Rectangle\Point in Rectangle.csproj", "{91A8711E-C5BF-4776-B3DF-E18EFAA10153}"
EndProject
Global
	GlobalSection(SolutionConfigurationPlatforms) = preSolution
		Debug|Any CPU = Debug|Any CPU
		Release|Any CPU = Release|Any CPU
	EndGlobalSection
	GlobalSection(ProjectConfigurationPlatforms) = postSolution
		{ED3E0AF7-2CC7-40EF-9CFA-690DB4B4739F}.Debug|Any CPU.ActiveCfg = Debug|Any CPU
		{ED3E0AF7-2CC7-40EF-9CFA-690DB4B4739F}.Debug|Any CPU.Build.0 = Debug|Any CPU
		{ED3E0AF7-2CC7-40EF-9CFA-690DB4B4739F}.Release|Any CPU.ActiveCfg = Release|Any CPU
		{ED3E0AF7-2CC7-40EF-9CFA-690DB4B4739F}.Release|Any CPU.Build.0 = Release|Any CPU
		{91A8711E-C5BF-4776-B3DF-E18EFAA10153}.Debug|Any CPU.ActiveCfg = Debug|Any CPU
		{91A8711E-C5BF-4776-B3DF-E18EFAA10153}.Debug|Any CPU.Build.0 = Debug|Any CPU
		{91A8711E-C5BF-4776-B3DF-E18EFAA10153}.Release|Any CPU.ActiveCfg = Release|Any CPU
		{91A8711E-C5BF-4776-B3DF-E18EFAA10153}.Release|Any CPU.Build.0 = Release|Any CPU
	EndGlobalSection
	GlobalSection(SolutionProperties) = preSolution
		HideSolutionNode = FALSE
	EndGlobalSection
	GlobalSection(ExtensibilityGlobals) = postSolution
		SolutionGuid = {75B5ACED-69F3-4051-8E2D-809A4C479B9E}
	EndGlobalSection
EndGlobal
