
Microsoft Visual Studio Solution File, Format Version 12.00
# Visual Studio Version 16
VisualStudioVersion = 16.0.29025.244
MinimumVisualStudioVersion = 10.0.40219.1
Project("{FAE04EC0-301F-11D3-BF4B-00C04F79EFBC}") = "Shapes", "AbstractionAndInterfacesLAB\Shapes.csproj", "{33E4FC25-A585-4DF7-96E5-D9841F307CA2}"
EndProject
Global
	GlobalSection(SolutionConfigurationPlatforms) = preSolution
		Debug|Any CPU = Debug|Any CPU
		Release|Any CPU = Release|Any CPU
	EndGlobalSection
	GlobalSection(ProjectConfigurationPlatforms) = postSolution
		{33E4FC25-A585-4DF7-96E5-D9841F307CA2}.Debug|Any CPU.ActiveCfg = Debug|Any CPU
		{33E4FC25-A585-4DF7-96E5-D9841F307CA2}.Debug|Any CPU.Build.0 = Debug|Any CPU
		{33E4FC25-A585-4DF7-96E5-D9841F307CA2}.Release|Any CPU.ActiveCfg = Release|Any CPU
		{33E4FC25-A585-4DF7-96E5-D9841F307CA2}.Release|Any CPU.Build.0 = Release|Any CPU
	EndGlobalSection
	GlobalSection(SolutionProperties) = preSolution
		HideSolutionNode = FALSE
	EndGlobalSection
	GlobalSection(ExtensibilityGlobals) = postSolution
		SolutionGuid = {BF72CEA0-5378-47BF-B1DF-CC036A4DCEA5}
	EndGlobalSection
EndGlobal
