
Microsoft Visual Studio Solution File, Format Version 12.00
# Visual Studio 15
VisualStudioVersion = 15.0.28307.329
MinimumVisualStudioVersion = 10.0.40219.1
Project("{FAE04EC0-301F-11D3-BF4B-00C04F79EFBC}") = "11. Array Manipulator", "11. Array Manipulator\11. Array Manipulator.csproj", "{A0DADDA6-1F4E-4996-8053-1A2E77CF1F4C}"
EndProject
Global
	GlobalSection(SolutionConfigurationPlatforms) = preSolution
		Debug|Any CPU = Debug|Any CPU
		Release|Any CPU = Release|Any CPU
	EndGlobalSection
	GlobalSection(ProjectConfigurationPlatforms) = postSolution
		{A0DADDA6-1F4E-4996-8053-1A2E77CF1F4C}.Debug|Any CPU.ActiveCfg = Debug|Any CPU
		{A0DADDA6-1F4E-4996-8053-1A2E77CF1F4C}.Debug|Any CPU.Build.0 = Debug|Any CPU
		{A0DADDA6-1F4E-4996-8053-1A2E77CF1F4C}.Release|Any CPU.ActiveCfg = Release|Any CPU
		{A0DADDA6-1F4E-4996-8053-1A2E77CF1F4C}.Release|Any CPU.Build.0 = Release|Any CPU
	EndGlobalSection
	GlobalSection(SolutionProperties) = preSolution
		HideSolutionNode = FALSE
	EndGlobalSection
	GlobalSection(ExtensibilityGlobals) = postSolution
		SolutionGuid = {8EE3407F-CD1F-419D-B1ED-D3446DF874D4}
	EndGlobalSection
EndGlobal
