
Microsoft Visual Studio Solution File, Format Version 12.00
# Visual Studio 15
VisualStudioVersion = 15.0.28307.329
MinimumVisualStudioVersion = 10.0.40219.1
Project("{FAE04EC0-301F-11D3-BF4B-00C04F79EFBC}") = "Calculator", "Calculator\Calculator.csproj", "{26C3DD0A-0A24-41F2-A56B-A89A56387902}"
EndProject
Global
	GlobalSection(SolutionConfigurationPlatforms) = preSolution
		Debug|Any CPU = Debug|Any CPU
		Release|Any CPU = Release|Any CPU
	EndGlobalSection
	GlobalSection(ProjectConfigurationPlatforms) = postSolution
		{26C3DD0A-0A24-41F2-A56B-A89A56387902}.Debug|Any CPU.ActiveCfg = Debug|Any CPU
		{26C3DD0A-0A24-41F2-A56B-A89A56387902}.Debug|Any CPU.Build.0 = Debug|Any CPU
		{26C3DD0A-0A24-41F2-A56B-A89A56387902}.Release|Any CPU.ActiveCfg = Release|Any CPU
		{26C3DD0A-0A24-41F2-A56B-A89A56387902}.Release|Any CPU.Build.0 = Release|Any CPU
	EndGlobalSection
	GlobalSection(SolutionProperties) = preSolution
		HideSolutionNode = FALSE
	EndGlobalSection
	GlobalSection(ExtensibilityGlobals) = postSolution
		SolutionGuid = {E4F181A8-F390-40FA-95AD-BC55C2580C7D}
	EndGlobalSection
EndGlobal
