
Microsoft Visual Studio Solution File, Format Version 12.00
# Visual Studio 15
VisualStudioVersion = 15.0.28307.168
MinimumVisualStudioVersion = 10.0.40219.1
Project("{FAE04EC0-301F-11D3-BF4B-00C04F79EFBC}") = "DataTypeAndVariablesExcersice", "DataTypeAndVariablesExcersice\DataTypeAndVariablesExcersice.csproj", "{C425EA52-BB87-4F5D-9104-88585FE6E4C2}"
EndProject
Global
	GlobalSection(SolutionConfigurationPlatforms) = preSolution
		Debug|Any CPU = Debug|Any CPU
		Release|Any CPU = Release|Any CPU
	EndGlobalSection
	GlobalSection(ProjectConfigurationPlatforms) = postSolution
		{C425EA52-BB87-4F5D-9104-88585FE6E4C2}.Debug|Any CPU.ActiveCfg = Debug|Any CPU
		{C425EA52-BB87-4F5D-9104-88585FE6E4C2}.Debug|Any CPU.Build.0 = Debug|Any CPU
		{C425EA52-BB87-4F5D-9104-88585FE6E4C2}.Release|Any CPU.ActiveCfg = Release|Any CPU
		{C425EA52-BB87-4F5D-9104-88585FE6E4C2}.Release|Any CPU.Build.0 = Release|Any CPU
	EndGlobalSection
	GlobalSection(SolutionProperties) = preSolution
		HideSolutionNode = FALSE
	EndGlobalSection
	GlobalSection(ExtensibilityGlobals) = postSolution
		SolutionGuid = {0D79EDE3-8D93-42A2-B08F-F11B4860F2C0}
	EndGlobalSection
EndGlobal
