
Microsoft Visual Studio Solution File, Format Version 12.00
# Visual Studio 15
VisualStudioVersion = 15.0.28307.329
MinimumVisualStudioVersion = 10.0.40219.1
Project("{FAE04EC0-301F-11D3-BF4B-00C04F79EFBC}") = "MyFirstWebApp", "MyFirstWebApp\MyFirstWebApp.csproj", "{7EEBCEF2-62A8-4D0B-AC51-9EBF63826BC2}"
EndProject
Global
	GlobalSection(SolutionConfigurationPlatforms) = preSolution
		Debug|Any CPU = Debug|Any CPU
		Release|Any CPU = Release|Any CPU
	EndGlobalSection
	GlobalSection(ProjectConfigurationPlatforms) = postSolution
		{7EEBCEF2-62A8-4D0B-AC51-9EBF63826BC2}.Debug|Any CPU.ActiveCfg = Debug|Any CPU
		{7EEBCEF2-62A8-4D0B-AC51-9EBF63826BC2}.Debug|Any CPU.Build.0 = Debug|Any CPU
		{7EEBCEF2-62A8-4D0B-AC51-9EBF63826BC2}.Release|Any CPU.ActiveCfg = Release|Any CPU
		{7EEBCEF2-62A8-4D0B-AC51-9EBF63826BC2}.Release|Any CPU.Build.0 = Release|Any CPU
	EndGlobalSection
	GlobalSection(SolutionProperties) = preSolution
		HideSolutionNode = FALSE
	EndGlobalSection
	GlobalSection(ExtensibilityGlobals) = postSolution
		SolutionGuid = {6B62BC52-2271-40A5-B96A-1B38455CFBAB}
	EndGlobalSection
EndGlobal
