
Microsoft Visual Studio Solution File, Format Version 12.00
# Visual Studio 15
VisualStudioVersion = 15.0.28307.329
MinimumVisualStudioVersion = 10.0.40219.1
Project("{FAE04EC0-301F-11D3-BF4B-00C04F79EFBC}") = "Workshop", "Workshop\Workshop.csproj", "{1DE1D891-BE68-4DC2-981C-87F264C3F052}"
EndProject
Global
	GlobalSection(SolutionConfigurationPlatforms) = preSolution
		Debug|Any CPU = Debug|Any CPU
		Release|Any CPU = Release|Any CPU
	EndGlobalSection
	GlobalSection(ProjectConfigurationPlatforms) = postSolution
		{1DE1D891-BE68-4DC2-981C-87F264C3F052}.Debug|Any CPU.ActiveCfg = Debug|Any CPU
		{1DE1D891-BE68-4DC2-981C-87F264C3F052}.Debug|Any CPU.Build.0 = Debug|Any CPU
		{1DE1D891-BE68-4DC2-981C-87F264C3F052}.Release|Any CPU.ActiveCfg = Release|Any CPU
		{1DE1D891-BE68-4DC2-981C-87F264C3F052}.Release|Any CPU.Build.0 = Release|Any CPU
	EndGlobalSection
	GlobalSection(SolutionProperties) = preSolution
		HideSolutionNode = FALSE
	EndGlobalSection
	GlobalSection(ExtensibilityGlobals) = postSolution
		SolutionGuid = {AC85FE84-CB62-4E82-A832-B7D744575FED}
	EndGlobalSection
EndGlobal
